
Microsoft Visual Studio Solution File, Format Version 12.00
# Visual Studio Version 17
VisualStudioVersion = 17.3.32819.101
MinimumVisualStudioVersion = 10.0.40219.1
Project("{FAE04EC0-301F-11D3-BF4B-00C04F79EFBC}") = "ChargningBoxLib", "ChargningBoxLib\ChargningBoxLib.csproj", "{F90AA021-1E45-456F-8E5D-5EE6D15F73E8}"
EndProject
Project("{FAE04EC0-301F-11D3-BF4B-00C04F79EFBC}") = "ChargingBoxTest", "ChargingBoxTest\ChargingBoxTest.csproj", "{B06251C2-A94F-49CD-9060-58C02B27158C}"
EndProject
Project("{FAE04EC0-301F-11D3-BF4B-00C04F79EFBC}") = "ChargingBoxSimpleApp", "ChargingBoxSimpleApp\ChargingBoxSimpleApp.csproj", "{19A33B60-CA60-4A7F-87CD-4FE174E918BF}"
EndProject
Global
	GlobalSection(SolutionConfigurationPlatforms) = preSolution
		Debug|Any CPU = Debug|Any CPU
		Release|Any CPU = Release|Any CPU
	EndGlobalSection
	GlobalSection(ProjectConfigurationPlatforms) = postSolution
		{F90AA021-1E45-456F-8E5D-5EE6D15F73E8}.Debug|Any CPU.ActiveCfg = Debug|Any CPU
		{F90AA021-1E45-456F-8E5D-5EE6D15F73E8}.Debug|Any CPU.Build.0 = Debug|Any CPU
		{F90AA021-1E45-456F-8E5D-5EE6D15F73E8}.Release|Any CPU.ActiveCfg = Release|Any CPU
		{F90AA021-1E45-456F-8E5D-5EE6D15F73E8}.Release|Any CPU.Build.0 = Release|Any CPU
		{B06251C2-A94F-49CD-9060-58C02B27158C}.Debug|Any CPU.ActiveCfg = Debug|Any CPU
		{B06251C2-A94F-49CD-9060-58C02B27158C}.Debug|Any CPU.Build.0 = Debug|Any CPU
		{B06251C2-A94F-49CD-9060-58C02B27158C}.Release|Any CPU.ActiveCfg = Release|Any CPU
		{B06251C2-A94F-49CD-9060-58C02B27158C}.Release|Any CPU.Build.0 = Release|Any CPU
		{19A33B60-CA60-4A7F-87CD-4FE174E918BF}.Debug|Any CPU.ActiveCfg = Debug|Any CPU
		{19A33B60-CA60-4A7F-87CD-4FE174E918BF}.Debug|Any CPU.Build.0 = Debug|Any CPU
		{19A33B60-CA60-4A7F-87CD-4FE174E918BF}.Release|Any CPU.ActiveCfg = Release|Any CPU
		{19A33B60-CA60-4A7F-87CD-4FE174E918BF}.Release|Any CPU.Build.0 = Release|Any CPU
	EndGlobalSection
	GlobalSection(SolutionProperties) = preSolution
		HideSolutionNode = FALSE
	EndGlobalSection
	GlobalSection(ExtensibilityGlobals) = postSolution
		SolutionGuid = {AE0AAC08-173E-4E01-BA38-E336861004A0}
	EndGlobalSection
EndGlobal
